// !$*UTF8*$!
{
	archiveVersion = 1;
	classes = {
	};
	objectVersion = 60;
	objects = {

/* Begin PBXBuildFile section */
		BF0A30962AF4139A004A4301 /* ObservableObjectCustom.swift in Sources */ = {isa = PBXBuildFile; fileRef = BF0A30952AF4139A004A4301 /* ObservableObjectCustom.swift */; };
		BF0A309C2AF447FF004A4301 /* TeamsCellView.swift in Sources */ = {isa = PBXBuildFile; fileRef = BF0A309B2AF447FF004A4301 /* TeamsCellView.swift */; };
		BF0A309E2AF44DE9004A4301 /* TeamsTableView.swift in Sources */ = {isa = PBXBuildFile; fileRef = BF0A309D2AF44DE9004A4301 /* TeamsTableView.swift */; };
		BF0A30A02AF44F45004A4301 /* TeamsViewModel.swift in Sources */ = {isa = PBXBuildFile; fileRef = BF0A309F2AF44F45004A4301 /* TeamsViewModel.swift */; };
		BF28C6132B948FEE00940849 /* BlurOverlayView.swift in Sources */ = {isa = PBXBuildFile; fileRef = BF28C6122B948FEE00940849 /* BlurOverlayView.swift */; };
		BF28C6152B94C0AD00940849 /* AlertCollectionView.swift in Sources */ = {isa = PBXBuildFile; fileRef = BF28C6142B94C0AD00940849 /* AlertCollectionView.swift */; };
		BF3A81342B677A780035F109 /* endringing.mp3 in Resources */ = {isa = PBXBuildFile; fileRef = BF3A81332B677A780035F109 /* endringing.mp3 */; };
		BF4448BF2B16563500999FC2 /* TestViewController.swift in Sources */ = {isa = PBXBuildFile; fileRef = BF4448BE2B16563500999FC2 /* TestViewController.swift */; };
		BF4448C22B1DF74700999FC2 /* Localizable.xcstrings in Resources */ = {isa = PBXBuildFile; fileRef = BF4448C12B1DF74700999FC2 /* Localizable.xcstrings */; };
		BF94BA742AF6885E0085C4ED /* CategoryViewModel.swift in Sources */ = {isa = PBXBuildFile; fileRef = BF94BA732AF6885E0085C4ED /* CategoryViewModel.swift */; };
		BF94BA762AF688800085C4ED /* CategoryView.swift in Sources */ = {isa = PBXBuildFile; fileRef = BF94BA752AF688800085C4ED /* CategoryView.swift */; };
		BF94BA792AF6B6ED0085C4ED /* TimerViewModel.swift in Sources */ = {isa = PBXBuildFile; fileRef = BF94BA782AF6B6ED0085C4ED /* TimerViewModel.swift */; };
		BF94BA7B2AF6B6FF0085C4ED /* TimerView.swift in Sources */ = {isa = PBXBuildFile; fileRef = BF94BA7A2AF6B6FF0085C4ED /* TimerView.swift */; };
		BF94BA7D2AF989FC0085C4ED /* PopupViewsFuncs.swift in Sources */ = {isa = PBXBuildFile; fileRef = BF94BA7C2AF989FC0085C4ED /* PopupViewsFuncs.swift */; };
		BFA4DD802B0BDDA000A44C87 /* TeamsCellViewModel.swift in Sources */ = {isa = PBXBuildFile; fileRef = BFA4DD7F2B0BDDA000A44C87 /* TeamsCellViewModel.swift */; };
		BFBD0E8A2B67BCEF00A212B5 /* AlertView.swift in Sources */ = {isa = PBXBuildFile; fileRef = BFBD0E892B67BCEF00A212B5 /* AlertView.swift */; };
		BFD820432B4F206A00785BE8 /* CloudMainService.swift in Sources */ = {isa = PBXBuildFile; fileRef = BFD820422B4F206A00785BE8 /* CloudMainService.swift */; };
		BFE774382B989BFB0053E873 /* TeamsMiniCellView.swift in Sources */ = {isa = PBXBuildFile; fileRef = BFE774372B989BFB0053E873 /* TeamsMiniCellView.swift */; };
		BFE7743B2B98A0A40053E873 /* SnapKit in Frameworks */ = {isa = PBXBuildFile; productRef = BFE7743A2B98A0A40053E873 /* SnapKit */; };
		BFE7743D2B99FD6B0053E873 /* Assets.xcassets in Resources */ = {isa = PBXBuildFile; fileRef = BFE7743C2B99FD6B0053E873 /* Assets.xcassets */; };
		BFE8209C2AEFD33F00B303F9 /* AppDelegate.swift in Sources */ = {isa = PBXBuildFile; fileRef = BFE8209B2AEFD33F00B303F9 /* AppDelegate.swift */; };
		BFE8209E2AEFD33F00B303F9 /* SceneDelegate.swift in Sources */ = {isa = PBXBuildFile; fileRef = BFE8209D2AEFD33F00B303F9 /* SceneDelegate.swift */; };
		BFE820A02AEFD33F00B303F9 /* MenuViewController.swift in Sources */ = {isa = PBXBuildFile; fileRef = BFE8209F2AEFD33F00B303F9 /* MenuViewController.swift */; };
		BFE820A32AEFD33F00B303F9 /* Main.storyboard in Resources */ = {isa = PBXBuildFile; fileRef = BFE820A12AEFD33F00B303F9 /* Main.storyboard */; };
		BFE820A82AEFD34000B303F9 /* LaunchScreen.storyboard in Resources */ = {isa = PBXBuildFile; fileRef = BFE820A62AEFD34000B303F9 /* LaunchScreen.storyboard */; };
		BFE820B52AEFD41B00B303F9 /* CategoryModel.swift in Sources */ = {isa = PBXBuildFile; fileRef = BFE820B42AEFD41B00B303F9 /* CategoryModel.swift */; };
		BFE820B72AEFDFD600B303F9 /* TeamModel.swift in Sources */ = {isa = PBXBuildFile; fileRef = BFE820B62AEFDFD600B303F9 /* TeamModel.swift */; };
		BFE820B92AEFE12C00B303F9 /* GameLevelModel.swift in Sources */ = {isa = PBXBuildFile; fileRef = BFE820B82AEFE12C00B303F9 /* GameLevelModel.swift */; };
		BFE820BB2AEFE17B00B303F9 /* TeamsViewController.swift in Sources */ = {isa = PBXBuildFile; fileRef = BFE820BA2AEFE17A00B303F9 /* TeamsViewController.swift */; };
		BFE820BD2AEFE24A00B303F9 /* CategoryViewController.swift in Sources */ = {isa = PBXBuildFile; fileRef = BFE820BC2AEFE24A00B303F9 /* CategoryViewController.swift */; };
		BFE820BF2AEFE4C900B303F9 /* MenuView.swift in Sources */ = {isa = PBXBuildFile; fileRef = BFE820BE2AEFE4C900B303F9 /* MenuView.swift */; };
		BFE820C12AEFE4FA00B303F9 /* TeamsView.swift in Sources */ = {isa = PBXBuildFile; fileRef = BFE820C02AEFE4FA00B303F9 /* TeamsView.swift */; };
		BFE820CB2AEFE68700B303F9 /* Service.swift in Sources */ = {isa = PBXBuildFile; fileRef = BFE820CA2AEFE68700B303F9 /* Service.swift */; };
		BFE820CD2AEFE9B600B303F9 /* MenuViewModel.swift in Sources */ = {isa = PBXBuildFile; fileRef = BFE820CC2AEFE9B600B303F9 /* MenuViewModel.swift */; };
		BFEDD8F82B1F0988006C6208 /* LanguageModel.swift in Sources */ = {isa = PBXBuildFile; fileRef = BFEDD8F72B1F0988006C6208 /* LanguageModel.swift */; };
		BFEDD8FA2B1F2497006C6208 /* MenuLanguagePickerView.swift in Sources */ = {isa = PBXBuildFile; fileRef = BFEDD8F92B1F2497006C6208 /* MenuLanguagePickerView.swift */; };
/* End PBXBuildFile section */

/* Begin PBXFileReference section */
		BF0A30952AF4139A004A4301 /* ObservableObjectCustom.swift */ = {isa = PBXFileReference; lastKnownFileType = sourcecode.swift; path = ObservableObjectCustom.swift; sourceTree = "<group>"; };
		BF0A309B2AF447FF004A4301 /* TeamsCellView.swift */ = {isa = PBXFileReference; lastKnownFileType = sourcecode.swift; path = TeamsCellView.swift; sourceTree = "<group>"; };
		BF0A309D2AF44DE9004A4301 /* TeamsTableView.swift */ = {isa = PBXFileReference; lastKnownFileType = sourcecode.swift; path = TeamsTableView.swift; sourceTree = "<group>"; };
		BF0A309F2AF44F45004A4301 /* TeamsViewModel.swift */ = {isa = PBXFileReference; lastKnownFileType = sourcecode.swift; path = TeamsViewModel.swift; sourceTree = "<group>"; };
		BF28C6122B948FEE00940849 /* BlurOverlayView.swift */ = {isa = PBXFileReference; lastKnownFileType = sourcecode.swift; path = BlurOverlayView.swift; sourceTree = "<group>"; };
		BF28C6142B94C0AD00940849 /* AlertCollectionView.swift */ = {isa = PBXFileReference; lastKnownFileType = sourcecode.swift; path = AlertCollectionView.swift; sourceTree = "<group>"; };
		BF3A81332B677A780035F109 /* endringing.mp3 */ = {isa = PBXFileReference; lastKnownFileType = audio.mp3; path = endringing.mp3; sourceTree = "<group>"; };
		BF4448BE2B16563500999FC2 /* TestViewController.swift */ = {isa = PBXFileReference; lastKnownFileType = sourcecode.swift; path = TestViewController.swift; sourceTree = "<group>"; };
		BF4448C12B1DF74700999FC2 /* Localizable.xcstrings */ = {isa = PBXFileReference; lastKnownFileType = text.json.xcstrings; name = Localizable.xcstrings; path = 5words10seconds/Preferences/Localizable.xcstrings; sourceTree = SOURCE_ROOT; };
		BF94BA732AF6885E0085C4ED /* CategoryViewModel.swift */ = {isa = PBXFileReference; lastKnownFileType = sourcecode.swift; path = CategoryViewModel.swift; sourceTree = "<group>"; };
		BF94BA752AF688800085C4ED /* CategoryView.swift */ = {isa = PBXFileReference; lastKnownFileType = sourcecode.swift; path = CategoryView.swift; sourceTree = "<group>"; };
		BF94BA782AF6B6ED0085C4ED /* TimerViewModel.swift */ = {isa = PBXFileReference; lastKnownFileType = sourcecode.swift; path = TimerViewModel.swift; sourceTree = "<group>"; };
		BF94BA7A2AF6B6FF0085C4ED /* TimerView.swift */ = {isa = PBXFileReference; lastKnownFileType = sourcecode.swift; path = TimerView.swift; sourceTree = "<group>"; };
		BF94BA7C2AF989FC0085C4ED /* PopupViewsFuncs.swift */ = {isa = PBXFileReference; lastKnownFileType = sourcecode.swift; path = PopupViewsFuncs.swift; sourceTree = "<group>"; };
		BFA4DD7F2B0BDDA000A44C87 /* TeamsCellViewModel.swift */ = {isa = PBXFileReference; lastKnownFileType = sourcecode.swift; path = TeamsCellViewModel.swift; sourceTree = "<group>"; };
		BFBD0E892B67BCEF00A212B5 /* AlertView.swift */ = {isa = PBXFileReference; lastKnownFileType = sourcecode.swift; path = AlertView.swift; sourceTree = "<group>"; };
		BFD820412B4F1E4C00785BE8 /* 5words10seconds.entitlements */ = {isa = PBXFileReference; lastKnownFileType = text.plist.entitlements; path = 5words10seconds.entitlements; sourceTree = "<group>"; };
		BFD820422B4F206A00785BE8 /* CloudMainService.swift */ = {isa = PBXFileReference; lastKnownFileType = sourcecode.swift; path = CloudMainService.swift; sourceTree = "<group>"; };
		BFE774372B989BFB0053E873 /* TeamsMiniCellView.swift */ = {isa = PBXFileReference; lastKnownFileType = sourcecode.swift; path = TeamsMiniCellView.swift; sourceTree = "<group>"; };
		BFE7743C2B99FD6B0053E873 /* Assets.xcassets */ = {isa = PBXFileReference; lastKnownFileType = folder.assetcatalog; path = Assets.xcassets; sourceTree = "<group>"; };
		BFE820982AEFD33F00B303F9 /* 5words10seconds.app */ = {isa = PBXFileReference; explicitFileType = wrapper.application; includeInIndex = 0; path = 5words10seconds.app; sourceTree = BUILT_PRODUCTS_DIR; };
		BFE8209B2AEFD33F00B303F9 /* AppDelegate.swift */ = {isa = PBXFileReference; lastKnownFileType = sourcecode.swift; path = AppDelegate.swift; sourceTree = "<group>"; };
		BFE8209D2AEFD33F00B303F9 /* SceneDelegate.swift */ = {isa = PBXFileReference; lastKnownFileType = sourcecode.swift; path = SceneDelegate.swift; sourceTree = "<group>"; };
		BFE8209F2AEFD33F00B303F9 /* MenuViewController.swift */ = {isa = PBXFileReference; lastKnownFileType = sourcecode.swift; path = MenuViewController.swift; sourceTree = "<group>"; };
		BFE820A22AEFD33F00B303F9 /* Base */ = {isa = PBXFileReference; lastKnownFileType = file.storyboard; name = Base; path = Base.lproj/Main.storyboard; sourceTree = "<group>"; };
		BFE820A72AEFD34000B303F9 /* Base */ = {isa = PBXFileReference; lastKnownFileType = file.storyboard; name = Base; path = Base.lproj/LaunchScreen.storyboard; sourceTree = "<group>"; };
		BFE820A92AEFD34000B303F9 /* Info.plist */ = {isa = PBXFileReference; lastKnownFileType = text.plist.xml; path = Info.plist; sourceTree = "<group>"; };
		BFE820B42AEFD41B00B303F9 /* CategoryModel.swift */ = {isa = PBXFileReference; lastKnownFileType = sourcecode.swift; path = CategoryModel.swift; sourceTree = "<group>"; };
		BFE820B62AEFDFD600B303F9 /* TeamModel.swift */ = {isa = PBXFileReference; lastKnownFileType = sourcecode.swift; path = TeamModel.swift; sourceTree = "<group>"; };
		BFE820B82AEFE12C00B303F9 /* GameLevelModel.swift */ = {isa = PBXFileReference; lastKnownFileType = sourcecode.swift; path = GameLevelModel.swift; sourceTree = "<group>"; };
		BFE820BA2AEFE17A00B303F9 /* TeamsViewController.swift */ = {isa = PBXFileReference; lastKnownFileType = sourcecode.swift; path = TeamsViewController.swift; sourceTree = "<group>"; };
		BFE820BC2AEFE24A00B303F9 /* CategoryViewController.swift */ = {isa = PBXFileReference; lastKnownFileType = sourcecode.swift; path = CategoryViewController.swift; sourceTree = "<group>"; };
		BFE820BE2AEFE4C900B303F9 /* MenuView.swift */ = {isa = PBXFileReference; lastKnownFileType = sourcecode.swift; path = MenuView.swift; sourceTree = "<group>"; };
		BFE820C02AEFE4FA00B303F9 /* TeamsView.swift */ = {isa = PBXFileReference; lastKnownFileType = sourcecode.swift; path = TeamsView.swift; sourceTree = "<group>"; };
		BFE820CA2AEFE68700B303F9 /* Service.swift */ = {isa = PBXFileReference; lastKnownFileType = sourcecode.swift; path = Service.swift; sourceTree = "<group>"; };
		BFE820CC2AEFE9B600B303F9 /* MenuViewModel.swift */ = {isa = PBXFileReference; lastKnownFileType = sourcecode.swift; path = MenuViewModel.swift; sourceTree = "<group>"; };
		BFEDD8F72B1F0988006C6208 /* LanguageModel.swift */ = {isa = PBXFileReference; lastKnownFileType = sourcecode.swift; path = LanguageModel.swift; sourceTree = "<group>"; };
		BFEDD8F92B1F2497006C6208 /* MenuLanguagePickerView.swift */ = {isa = PBXFileReference; lastKnownFileType = sourcecode.swift; path = MenuLanguagePickerView.swift; sourceTree = "<group>"; };
/* End PBXFileReference section */

/* Begin PBXFrameworksBuildPhase section */
		BFE820952AEFD33F00B303F9 /* Frameworks */ = {
			isa = PBXFrameworksBuildPhase;
			buildActionMask = 2147483647;
			files = (
				BFE7743B2B98A0A40053E873 /* SnapKit in Frameworks */,
			);
			runOnlyForDeploymentPostprocessing = 0;
		};
/* End PBXFrameworksBuildPhase section */

/* Begin PBXGroup section */
		BF0A30972AF42958004A4301 /* Screens */ = {
			isa = PBXGroup;
			children = (
				BFBD0E882B67BCD300A212B5 /* Supported */,
				BF0A30982AF42972004A4301 /* Menu */,
				BF0A30992AF42978004A4301 /* Teams */,
				BF0A309A2AF42982004A4301 /* Category */,
				BF4448BE2B16563500999FC2 /* TestViewController.swift */,
			);
			path = Screens;
			sourceTree = "<group>";
		};
		BF0A30982AF42972004A4301 /* Menu */ = {
			isa = PBXGroup;
			children = (
				BFE820CC2AEFE9B600B303F9 /* MenuViewModel.swift */,
				BFE8209F2AEFD33F00B303F9 /* MenuViewController.swift */,
				BFE820BE2AEFE4C900B303F9 /* MenuView.swift */,
				BFEDD8F92B1F2497006C6208 /* MenuLanguagePickerView.swift */,
			);
			path = Menu;
			sourceTree = "<group>";
		};
		BF0A30992AF42978004A4301 /* Teams */ = {
			isa = PBXGroup;
			children = (
				BF0A309F2AF44F45004A4301 /* TeamsViewModel.swift */,
				BFE820BA2AEFE17A00B303F9 /* TeamsViewController.swift */,
				BFE820C02AEFE4FA00B303F9 /* TeamsView.swift */,
				BF0A309D2AF44DE9004A4301 /* TeamsTableView.swift */,
				BFA4DD7F2B0BDDA000A44C87 /* TeamsCellViewModel.swift */,
				BF0A309B2AF447FF004A4301 /* TeamsCellView.swift */,
			);
			path = Teams;
			sourceTree = "<group>";
		};
		BF0A309A2AF42982004A4301 /* Category */ = {
			isa = PBXGroup;
			children = (
				BF94BA802AF991010085C4ED /* Category */,
				BF94BA7C2AF989FC0085C4ED /* PopupViewsFuncs.swift */,
				BF94BA782AF6B6ED0085C4ED /* TimerViewModel.swift */,
				BF94BA7A2AF6B6FF0085C4ED /* TimerView.swift */,
			);
			path = Category;
			sourceTree = "<group>";
		};
		BF3A81322B6538A40035F109 /* Sounds */ = {
			isa = PBXGroup;
			children = (
				BF3A81332B677A780035F109 /* endringing.mp3 */,
			);
			path = Sounds;
			sourceTree = "<group>";
		};
		BF94BA802AF991010085C4ED /* Category */ = {
			isa = PBXGroup;
			children = (
				BF94BA732AF6885E0085C4ED /* CategoryViewModel.swift */,
				BFE820BC2AEFE24A00B303F9 /* CategoryViewController.swift */,
				BF94BA752AF688800085C4ED /* CategoryView.swift */,
				BFE774372B989BFB0053E873 /* TeamsMiniCellView.swift */,
			);
			path = Category;
			sourceTree = "<group>";
		};
		BFBD0E882B67BCD300A212B5 /* Supported */ = {
			isa = PBXGroup;
			children = (
				BFBD0E892B67BCEF00A212B5 /* AlertView.swift */,
				BF28C6142B94C0AD00940849 /* AlertCollectionView.swift */,
				BF28C6122B948FEE00940849 /* BlurOverlayView.swift */,
			);
			path = Supported;
			sourceTree = "<group>";
		};
		BFE8208F2AEFD33F00B303F9 = {
			isa = PBXGroup;
			children = (
				BFE8209A2AEFD33F00B303F9 /* 5words10seconds */,
				BFE820992AEFD33F00B303F9 /* Products */,
			);
			sourceTree = "<group>";
		};
		BFE820992AEFD33F00B303F9 /* Products */ = {
			isa = PBXGroup;
			children = (
				BFE820982AEFD33F00B303F9 /* 5words10seconds.app */,
			);
			name = Products;
			sourceTree = "<group>";
		};
		BFE8209A2AEFD33F00B303F9 /* 5words10seconds */ = {
			isa = PBXGroup;
			children = (
				BF3A81322B6538A40035F109 /* Sounds */,
				BFD820412B4F1E4C00785BE8 /* 5words10seconds.entitlements */,
				BFE7743C2B99FD6B0053E873 /* Assets.xcassets */,
				BFE820C62AEFE55300B303F9 /* App+Scene */,
				BFE820C72AEFE56000B303F9 /* Storyboards */,
				BFE820C82AEFE5AC00B303F9 /* Preferences */,
				BFE820AF2AEFD35B00B303F9 /* Model */,
				BF0A30972AF42958004A4301 /* Screens */,
				BFE820C92AEFE63A00B303F9 /* Service */,
				BF0A30952AF4139A004A4301 /* ObservableObjectCustom.swift */,
			);
			path = 5words10seconds;
			sourceTree = "<group>";
		};
		BFE820AF2AEFD35B00B303F9 /* Model */ = {
			isa = PBXGroup;
			children = (
				BFE820B42AEFD41B00B303F9 /* CategoryModel.swift */,
				BFE820B62AEFDFD600B303F9 /* TeamModel.swift */,
				BFE820B82AEFE12C00B303F9 /* GameLevelModel.swift */,
				BFEDD8F72B1F0988006C6208 /* LanguageModel.swift */,
			);
			path = Model;
			sourceTree = "<group>";
		};
		BFE820C62AEFE55300B303F9 /* App+Scene */ = {
			isa = PBXGroup;
			children = (
				BFE8209B2AEFD33F00B303F9 /* AppDelegate.swift */,
				BFE8209D2AEFD33F00B303F9 /* SceneDelegate.swift */,
			);
			path = "App+Scene";
			sourceTree = "<group>";
		};
		BFE820C72AEFE56000B303F9 /* Storyboards */ = {
			isa = PBXGroup;
			children = (
				BFE820A12AEFD33F00B303F9 /* Main.storyboard */,
				BFE820A62AEFD34000B303F9 /* LaunchScreen.storyboard */,
			);
			path = Storyboards;
			sourceTree = "<group>";
		};
		BFE820C82AEFE5AC00B303F9 /* Preferences */ = {
			isa = PBXGroup;
			children = (
				BF4448C12B1DF74700999FC2 /* Localizable.xcstrings */,
				BFE820A92AEFD34000B303F9 /* Info.plist */,
			);
			path = Preferences;
			sourceTree = "<group>";
		};
		BFE820C92AEFE63A00B303F9 /* Service */ = {
			isa = PBXGroup;
			children = (
				BFE820CA2AEFE68700B303F9 /* Service.swift */,
				BFD820422B4F206A00785BE8 /* CloudMainService.swift */,
			);
			path = Service;
			sourceTree = "<group>";
		};
/* End PBXGroup section */

/* Begin PBXNativeTarget section */
		BFE820972AEFD33F00B303F9 /* 5words10seconds */ = {
			isa = PBXNativeTarget;
			buildConfigurationList = BFE820AC2AEFD34000B303F9 /* Build configuration list for PBXNativeTarget "5words10seconds" */;
			buildPhases = (
				BFE820942AEFD33F00B303F9 /* Sources */,
				BFE820952AEFD33F00B303F9 /* Frameworks */,
				BFE820962AEFD33F00B303F9 /* Resources */,
			);
			buildRules = (
			);
			dependencies = (
			);
			name = 5words10seconds;
			packageProductDependencies = (
				BFE7743A2B98A0A40053E873 /* SnapKit */,
			);
			productName = 5words10seconds;
			productReference = BFE820982AEFD33F00B303F9 /* 5words10seconds.app */;
			productType = "com.apple.product-type.application";
		};
/* End PBXNativeTarget section */

/* Begin PBXProject section */
		BFE820902AEFD33F00B303F9 /* Project object */ = {
			isa = PBXProject;
			attributes = {
				BuildIndependentTargetsInParallel = 1;
				LastSwiftUpdateCheck = 1500;
				LastUpgradeCheck = 1500;
				TargetAttributes = {
					BFE820972AEFD33F00B303F9 = {
						CreatedOnToolsVersion = 15.0.1;
					};
				};
			};
			buildConfigurationList = BFE820932AEFD33F00B303F9 /* Build configuration list for PBXProject "5words10seconds" */;
			compatibilityVersion = "Xcode 15.0";
			developmentRegion = en;
			hasScannedForEncodings = 0;
			knownRegions = (
				en,
				Base,
				uk,
			);
			mainGroup = BFE8208F2AEFD33F00B303F9;
			packageReferences = (
				BFE774392B98A0A40053E873 /* XCRemoteSwiftPackageReference "SnapKit" */,
			);
			productRefGroup = BFE820992AEFD33F00B303F9 /* Products */;
			projectDirPath = "";
			projectRoot = "";
			targets = (
				BFE820972AEFD33F00B303F9 /* 5words10seconds */,
			);
		};
/* End PBXProject section */

/* Begin PBXResourcesBuildPhase section */
		BFE820962AEFD33F00B303F9 /* Resources */ = {
			isa = PBXResourcesBuildPhase;
			buildActionMask = 2147483647;
			files = (
				BFE820A82AEFD34000B303F9 /* LaunchScreen.storyboard in Resources */,
				BF4448C22B1DF74700999FC2 /* Localizable.xcstrings in Resources */,
				BFE820A32AEFD33F00B303F9 /* Main.storyboard in Resources */,
				BF3A81342B677A780035F109 /* endringing.mp3 in Resources */,
				BFE7743D2B99FD6B0053E873 /* Assets.xcassets in Resources */,
			);
			runOnlyForDeploymentPostprocessing = 0;
		};
/* End PBXResourcesBuildPhase section */

/* Begin PBXSourcesBuildPhase section */
		BFE820942AEFD33F00B303F9 /* Sources */ = {
			isa = PBXSourcesBuildPhase;
			buildActionMask = 2147483647;
			files = (
				BF94BA742AF6885E0085C4ED /* CategoryViewModel.swift in Sources */,
				BFE820A02AEFD33F00B303F9 /* MenuViewController.swift in Sources */,
				BFD820432B4F206A00785BE8 /* CloudMainService.swift in Sources */,
				BFE820CB2AEFE68700B303F9 /* Service.swift in Sources */,
				BFE820B72AEFDFD600B303F9 /* TeamModel.swift in Sources */,
				BFE8209C2AEFD33F00B303F9 /* AppDelegate.swift in Sources */,
				BFE8209E2AEFD33F00B303F9 /* SceneDelegate.swift in Sources */,
				BF94BA7D2AF989FC0085C4ED /* PopupViewsFuncs.swift in Sources */,
				BFBD0E8A2B67BCEF00A212B5 /* AlertView.swift in Sources */,
				BF0A30962AF4139A004A4301 /* ObservableObjectCustom.swift in Sources */,
				BFA4DD802B0BDDA000A44C87 /* TeamsCellViewModel.swift in Sources */,
				BF4448BF2B16563500999FC2 /* TestViewController.swift in Sources */,
				BF94BA7B2AF6B6FF0085C4ED /* TimerView.swift in Sources */,
				BF0A309E2AF44DE9004A4301 /* TeamsTableView.swift in Sources */,
				BFEDD8FA2B1F2497006C6208 /* MenuLanguagePickerView.swift in Sources */,
				BFE820CD2AEFE9B600B303F9 /* MenuViewModel.swift in Sources */,
				BFEDD8F82B1F0988006C6208 /* LanguageModel.swift in Sources */,
				BFE820B92AEFE12C00B303F9 /* GameLevelModel.swift in Sources */,
				BFE774382B989BFB0053E873 /* TeamsMiniCellView.swift in Sources */,
				BFE820BF2AEFE4C900B303F9 /* MenuView.swift in Sources */,
				BF28C6152B94C0AD00940849 /* AlertCollectionView.swift in Sources */,
				BFE820C12AEFE4FA00B303F9 /* TeamsView.swift in Sources */,
				BFE820BB2AEFE17B00B303F9 /* TeamsViewController.swift in Sources */,
				BFE820BD2AEFE24A00B303F9 /* CategoryViewController.swift in Sources */,
				BF94BA762AF688800085C4ED /* CategoryView.swift in Sources */,
				BF28C6132B948FEE00940849 /* BlurOverlayView.swift in Sources */,
				BFE820B52AEFD41B00B303F9 /* CategoryModel.swift in Sources */,
				BF94BA792AF6B6ED0085C4ED /* TimerViewModel.swift in Sources */,
				BF0A309C2AF447FF004A4301 /* TeamsCellView.swift in Sources */,
				BF0A30A02AF44F45004A4301 /* TeamsViewModel.swift in Sources */,
			);
			runOnlyForDeploymentPostprocessing = 0;
		};
/* End PBXSourcesBuildPhase section */

/* Begin PBXVariantGroup section */
		BFE820A12AEFD33F00B303F9 /* Main.storyboard */ = {
			isa = PBXVariantGroup;
			children = (
				BFE820A22AEFD33F00B303F9 /* Base */,
			);
			name = Main.storyboard;
			sourceTree = "<group>";
		};
		BFE820A62AEFD34000B303F9 /* LaunchScreen.storyboard */ = {
			isa = PBXVariantGroup;
			children = (
				BFE820A72AEFD34000B303F9 /* Base */,
			);
			name = LaunchScreen.storyboard;
			sourceTree = "<group>";
		};
/* End PBXVariantGroup section */

/* Begin XCBuildConfiguration section */
		BFE820AA2AEFD34000B303F9 /* Debug */ = {
			isa = XCBuildConfiguration;
			buildSettings = {
				ALWAYS_SEARCH_USER_PATHS = NO;
				ASSETCATALOG_COMPILER_GENERATE_SWIFT_ASSET_SYMBOL_EXTENSIONS = YES;
				CLANG_ANALYZER_NONNULL = YES;
				CLANG_ANALYZER_NUMBER_OBJECT_CONVERSION = YES_AGGRESSIVE;
				CLANG_CXX_LANGUAGE_STANDARD = "gnu++20";
				CLANG_ENABLE_MODULES = YES;
				CLANG_ENABLE_OBJC_ARC = YES;
				CLANG_ENABLE_OBJC_WEAK = YES;
				CLANG_WARN_BLOCK_CAPTURE_AUTORELEASING = YES;
				CLANG_WARN_BOOL_CONVERSION = YES;
				CLANG_WARN_COMMA = YES;
				CLANG_WARN_CONSTANT_CONVERSION = YES;
				CLANG_WARN_DEPRECATED_OBJC_IMPLEMENTATIONS = YES;
				CLANG_WARN_DIRECT_OBJC_ISA_USAGE = YES_ERROR;
				CLANG_WARN_DOCUMENTATION_COMMENTS = YES;
				CLANG_WARN_EMPTY_BODY = YES;
				CLANG_WARN_ENUM_CONVERSION = YES;
				CLANG_WARN_INFINITE_RECURSION = YES;
				CLANG_WARN_INT_CONVERSION = YES;
				CLANG_WARN_NON_LITERAL_NULL_CONVERSION = YES;
				CLANG_WARN_OBJC_IMPLICIT_RETAIN_SELF = YES;
				CLANG_WARN_OBJC_LITERAL_CONVERSION = YES;
				CLANG_WARN_OBJC_ROOT_CLASS = YES_ERROR;
				CLANG_WARN_QUOTED_INCLUDE_IN_FRAMEWORK_HEADER = YES;
				CLANG_WARN_RANGE_LOOP_ANALYSIS = YES;
				CLANG_WARN_STRICT_PROTOTYPES = YES;
				CLANG_WARN_SUSPICIOUS_MOVE = YES;
				CLANG_WARN_UNGUARDED_AVAILABILITY = YES_AGGRESSIVE;
				CLANG_WARN_UNREACHABLE_CODE = YES;
				CLANG_WARN__DUPLICATE_METHOD_MATCH = YES;
				COPY_PHASE_STRIP = NO;
				DEBUG_INFORMATION_FORMAT = dwarf;
				ENABLE_STRICT_OBJC_MSGSEND = YES;
				ENABLE_TESTABILITY = YES;
				ENABLE_USER_SCRIPT_SANDBOXING = YES;
				GCC_C_LANGUAGE_STANDARD = gnu17;
				GCC_DYNAMIC_NO_PIC = NO;
				GCC_NO_COMMON_BLOCKS = YES;
				GCC_OPTIMIZATION_LEVEL = 0;
				GCC_PREPROCESSOR_DEFINITIONS = (
					"DEBUG=1",
					"$(inherited)",
				);
				GCC_WARN_64_TO_32_BIT_CONVERSION = YES;
				GCC_WARN_ABOUT_RETURN_TYPE = YES_ERROR;
				GCC_WARN_UNDECLARED_SELECTOR = YES;
				GCC_WARN_UNINITIALIZED_AUTOS = YES_AGGRESSIVE;
				GCC_WARN_UNUSED_FUNCTION = YES;
				GCC_WARN_UNUSED_VARIABLE = YES;
				IPHONEOS_DEPLOYMENT_TARGET = 17.0;
				LOCALIZATION_PREFERS_STRING_CATALOGS = YES;
				MTL_ENABLE_DEBUG_INFO = INCLUDE_SOURCE;
				MTL_FAST_MATH = YES;
				ONLY_ACTIVE_ARCH = YES;
				SDKROOT = iphoneos;
				SWIFT_ACTIVE_COMPILATION_CONDITIONS = "DEBUG $(inherited)";
				SWIFT_EMIT_LOC_STRINGS = YES;
				SWIFT_OPTIMIZATION_LEVEL = "-Onone";
			};
			name = Debug;
		};
		BFE820AB2AEFD34000B303F9 /* Release */ = {
			isa = XCBuildConfiguration;
			buildSettings = {
				ALWAYS_SEARCH_USER_PATHS = NO;
				ASSETCATALOG_COMPILER_GENERATE_SWIFT_ASSET_SYMBOL_EXTENSIONS = YES;
				CLANG_ANALYZER_NONNULL = YES;
				CLANG_ANALYZER_NUMBER_OBJECT_CONVERSION = YES_AGGRESSIVE;
				CLANG_CXX_LANGUAGE_STANDARD = "gnu++20";
				CLANG_ENABLE_MODULES = YES;
				CLANG_ENABLE_OBJC_ARC = YES;
				CLANG_ENABLE_OBJC_WEAK = YES;
				CLANG_WARN_BLOCK_CAPTURE_AUTORELEASING = YES;
				CLANG_WARN_BOOL_CONVERSION = YES;
				CLANG_WARN_COMMA = YES;
				CLANG_WARN_CONSTANT_CONVERSION = YES;
				CLANG_WARN_DEPRECATED_OBJC_IMPLEMENTATIONS = YES;
				CLANG_WARN_DIRECT_OBJC_ISA_USAGE = YES_ERROR;
				CLANG_WARN_DOCUMENTATION_COMMENTS = YES;
				CLANG_WARN_EMPTY_BODY = YES;
				CLANG_WARN_ENUM_CONVERSION = YES;
				CLANG_WARN_INFINITE_RECURSION = YES;
				CLANG_WARN_INT_CONVERSION = YES;
				CLANG_WARN_NON_LITERAL_NULL_CONVERSION = YES;
				CLANG_WARN_OBJC_IMPLICIT_RETAIN_SELF = YES;
				CLANG_WARN_OBJC_LITERAL_CONVERSION = YES;
				CLANG_WARN_OBJC_ROOT_CLASS = YES_ERROR;
				CLANG_WARN_QUOTED_INCLUDE_IN_FRAMEWORK_HEADER = YES;
				CLANG_WARN_RANGE_LOOP_ANALYSIS = YES;
				CLANG_WARN_STRICT_PROTOTYPES = YES;
				CLANG_WARN_SUSPICIOUS_MOVE = YES;
				CLANG_WARN_UNGUARDED_AVAILABILITY = YES_AGGRESSIVE;
				CLANG_WARN_UNREACHABLE_CODE = YES;
				CLANG_WARN__DUPLICATE_METHOD_MATCH = YES;
				COPY_PHASE_STRIP = NO;
				DEBUG_INFORMATION_FORMAT = "dwarf-with-dsym";
				ENABLE_NS_ASSERTIONS = NO;
				ENABLE_STRICT_OBJC_MSGSEND = YES;
				ENABLE_USER_SCRIPT_SANDBOXING = YES;
				GCC_C_LANGUAGE_STANDARD = gnu17;
				GCC_NO_COMMON_BLOCKS = YES;
				GCC_WARN_64_TO_32_BIT_CONVERSION = YES;
				GCC_WARN_ABOUT_RETURN_TYPE = YES_ERROR;
				GCC_WARN_UNDECLARED_SELECTOR = YES;
				GCC_WARN_UNINITIALIZED_AUTOS = YES_AGGRESSIVE;
				GCC_WARN_UNUSED_FUNCTION = YES;
				GCC_WARN_UNUSED_VARIABLE = YES;
				IPHONEOS_DEPLOYMENT_TARGET = 17.0;
				LOCALIZATION_PREFERS_STRING_CATALOGS = YES;
				MTL_ENABLE_DEBUG_INFO = NO;
				MTL_FAST_MATH = YES;
				SDKROOT = iphoneos;
				SWIFT_COMPILATION_MODE = wholemodule;
				SWIFT_EMIT_LOC_STRINGS = YES;
				VALIDATE_PRODUCT = YES;
			};
			name = Release;
		};
		BFE820AD2AEFD34000B303F9 /* Debug */ = {
			isa = XCBuildConfiguration;
			buildSettings = {
				ASSETCATALOG_COMPILER_APPICON_NAME = AppIcon;
				ASSETCATALOG_COMPILER_GLOBAL_ACCENT_COLOR_NAME = AccentColor;
				CODE_SIGN_ENTITLEMENTS = 5words10seconds/5words10seconds.entitlements;
				CODE_SIGN_IDENTITY = "Apple Development";
				CODE_SIGN_STYLE = Automatic;
				CURRENT_PROJECT_VERSION = 2;
				DEVELOPMENT_TEAM = 729B6K44G8;
				GENERATE_INFOPLIST_FILE = YES;
				INFOPLIST_FILE = 5words10seconds/Preferences/Info.plist;
				INFOPLIST_KEY_UIApplicationSupportsIndirectInputEvents = YES;
				INFOPLIST_KEY_UILaunchStoryboardName = LaunchScreen;
				INFOPLIST_KEY_UIMainStoryboardFile = Main;
				INFOPLIST_KEY_UISupportedInterfaceOrientations_iPad = "UIInterfaceOrientationPortrait UIInterfaceOrientationPortraitUpsideDown UIInterfaceOrientationLandscapeLeft UIInterfaceOrientationLandscapeRight";
				INFOPLIST_KEY_UISupportedInterfaceOrientations_iPhone = "UIInterfaceOrientationPortrait UIInterfaceOrientationLandscapeLeft UIInterfaceOrientationLandscapeRight";
				LD_RUNPATH_SEARCH_PATHS = (
					"$(inherited)",
					"@executable_path/Frameworks",
				);
				MARKETING_VERSION = 0.4.1;
				PRODUCT_BUNDLE_IDENTIFIER = d3f0ld.5words10seconds;
				PRODUCT_NAME = "$(TARGET_NAME)";
				PROVISIONING_PROFILE_SPECIFIER = "";
				SWIFT_EMIT_LOC_STRINGS = YES;
				SWIFT_VERSION = 5.0;
				TARGETED_DEVICE_FAMILY = "1,2";
			};
			name = Debug;
		};
		BFE820AE2AEFD34000B303F9 /* Release */ = {
			isa = XCBuildConfiguration;
			buildSettings = {
				ASSETCATALOG_COMPILER_APPICON_NAME = AppIcon;
				ASSETCATALOG_COMPILER_GLOBAL_ACCENT_COLOR_NAME = AccentColor;
				CODE_SIGN_ENTITLEMENTS = 5words10seconds/5words10seconds.entitlements;
				CODE_SIGN_IDENTITY = "Apple Development";
				CODE_SIGN_STYLE = Automatic;
				CURRENT_PROJECT_VERSION = 2;
				DEVELOPMENT_TEAM = 729B6K44G8;
				GENERATE_INFOPLIST_FILE = YES;
				INFOPLIST_FILE = 5words10seconds/Preferences/Info.plist;
				INFOPLIST_KEY_UIApplicationSupportsIndirectInputEvents = YES;
				INFOPLIST_KEY_UILaunchStoryboardName = LaunchScreen;
				INFOPLIST_KEY_UIMainStoryboardFile = Main;
				INFOPLIST_KEY_UISupportedInterfaceOrientations_iPad = "UIInterfaceOrientationPortrait UIInterfaceOrientationPortraitUpsideDown UIInterfaceOrientationLandscapeLeft UIInterfaceOrientationLandscapeRight";
				INFOPLIST_KEY_UISupportedInterfaceOrientations_iPhone = "UIInterfaceOrientationPortrait UIInterfaceOrientationLandscapeLeft UIInterfaceOrientationLandscapeRight";
				LD_RUNPATH_SEARCH_PATHS = (
					"$(inherited)",
					"@executable_path/Frameworks",
				);
				MARKETING_VERSION = 0.4.1;
				PRODUCT_BUNDLE_IDENTIFIER = d3f0ld.5words10seconds;
				PRODUCT_NAME = "$(TARGET_NAME)";
				PROVISIONING_PROFILE_SPECIFIER = "";
				SWIFT_EMIT_LOC_STRINGS = YES;
				SWIFT_VERSION = 5.0;
				TARGETED_DEVICE_FAMILY = "1,2";
			};
			name = Release;
		};
/* End XCBuildConfiguration section */

/* Begin XCConfigurationList section */
		BFE820932AEFD33F00B303F9 /* Build configuration list for PBXProject "5words10seconds" */ = {
			isa = XCConfigurationList;
			buildConfigurations = (
				BFE820AA2AEFD34000B303F9 /* Debug */,
				BFE820AB2AEFD34000B303F9 /* Release */,
			);
			defaultConfigurationIsVisible = 0;
			defaultConfigurationName = Release;
		};
		BFE820AC2AEFD34000B303F9 /* Build configuration list for PBXNativeTarget "5words10seconds" */ = {
			isa = XCConfigurationList;
			buildConfigurations = (
				BFE820AD2AEFD34000B303F9 /* Debug */,
				BFE820AE2AEFD34000B303F9 /* Release */,
			);
			defaultConfigurationIsVisible = 0;
			defaultConfigurationName = Release;
		};
/* End XCConfigurationList section */

/* Begin XCRemoteSwiftPackageReference section */
		BFE774392B98A0A40053E873 /* XCRemoteSwiftPackageReference "SnapKit" */ = {
			isa = XCRemoteSwiftPackageReference;
			repositoryURL = "https://github.com/SnapKit/SnapKit.git";
			requirement = {
				kind = upToNextMajorVersion;
				minimumVersion = 5.7.1;
			};
		};
/* End XCRemoteSwiftPackageReference section */

/* Begin XCSwiftPackageProductDependency section */
		BFE7743A2B98A0A40053E873 /* SnapKit */ = {
			isa = XCSwiftPackageProductDependency;
			package = BFE774392B98A0A40053E873 /* XCRemoteSwiftPackageReference "SnapKit" */;
			productName = SnapKit;
		};
/* End XCSwiftPackageProductDependency section */
	};
	rootObject = BFE820902AEFD33F00B303F9 /* Project object */;
}
